
Microsoft Visual Studio Solution File, Format Version 12.00
# Visual Studio Version 16
VisualStudioVersion = 16.0.29709.97
MinimumVisualStudioVersion = 10.0.40219.1
Project("{FAE04EC0-301F-11D3-BF4B-00C04F79EFBC}") = "TP1", "TP1\TP1.csproj", "{0408F195-873A-4D62-B682-FA8C3DF8A87F}"
EndProject
Project("{FAE04EC0-301F-11D3-BF4B-00C04F79EFBC}") = "TP2Linq", "TP2Linq\TP2Linq.csproj", "{F3422519-9339-444E-AB11-5749D1836605}"
EndProject
Project("{FAE04EC0-301F-11D3-BF4B-00C04F79EFBC}") = "TP3Razor", "TP3Razor\TP3Razor.csproj", "{B705ADA1-DF21-4C8F-945A-FD3CEA7847E2}"
EndProject
Project("{FAE04EC0-301F-11D3-BF4B-00C04F79EFBC}") = "TP4Pizza", "TP4Pizza\TP4Pizza.csproj", "{4D836DD6-89A4-4C7A-8B48-9202D0B43EC3}"
EndProject
Project("{FAE04EC0-301F-11D3-BF4B-00C04F79EFBC}") = "TP5Samourai-1", "TP5Samourai-1\TP5Samourai-1.csproj", "{A96FAB15-A345-455F-9298-87505808B81A}"
EndProject
Project("{FAE04EC0-301F-11D3-BF4B-00C04F79EFBC}") = "BOSamourai", "BOSamourai\BOSamourai.csproj", "{0BBA0441-0AB7-4112-946B-521C9CEC7367}"
EndProject
Project("{FAE04EC0-301F-11D3-BF4B-00C04F79EFBC}") = "BOPizza", "BOPizza\BOPizza.csproj", "{6066EAAA-6025-49BC-A1F3-FC6447C42CD9}"
EndProject
Global
	GlobalSection(SolutionConfigurationPlatforms) = preSolution
		Debug|Any CPU = Debug|Any CPU
		Release|Any CPU = Release|Any CPU
	EndGlobalSection
	GlobalSection(ProjectConfigurationPlatforms) = postSolution
		{0408F195-873A-4D62-B682-FA8C3DF8A87F}.Debug|Any CPU.ActiveCfg = Debug|Any CPU
		{0408F195-873A-4D62-B682-FA8C3DF8A87F}.Debug|Any CPU.Build.0 = Debug|Any CPU
		{0408F195-873A-4D62-B682-FA8C3DF8A87F}.Release|Any CPU.ActiveCfg = Release|Any CPU
		{0408F195-873A-4D62-B682-FA8C3DF8A87F}.Release|Any CPU.Build.0 = Release|Any CPU
		{F3422519-9339-444E-AB11-5749D1836605}.Debug|Any CPU.ActiveCfg = Debug|Any CPU
		{F3422519-9339-444E-AB11-5749D1836605}.Debug|Any CPU.Build.0 = Debug|Any CPU
		{F3422519-9339-444E-AB11-5749D1836605}.Release|Any CPU.ActiveCfg = Release|Any CPU
		{F3422519-9339-444E-AB11-5749D1836605}.Release|Any CPU.Build.0 = Release|Any CPU
		{B705ADA1-DF21-4C8F-945A-FD3CEA7847E2}.Debug|Any CPU.ActiveCfg = Debug|Any CPU
		{B705ADA1-DF21-4C8F-945A-FD3CEA7847E2}.Debug|Any CPU.Build.0 = Debug|Any CPU
		{B705ADA1-DF21-4C8F-945A-FD3CEA7847E2}.Release|Any CPU.ActiveCfg = Release|Any CPU
		{B705ADA1-DF21-4C8F-945A-FD3CEA7847E2}.Release|Any CPU.Build.0 = Release|Any CPU
		{4D836DD6-89A4-4C7A-8B48-9202D0B43EC3}.Debug|Any CPU.ActiveCfg = Debug|Any CPU
		{4D836DD6-89A4-4C7A-8B48-9202D0B43EC3}.Debug|Any CPU.Build.0 = Debug|Any CPU
		{4D836DD6-89A4-4C7A-8B48-9202D0B43EC3}.Release|Any CPU.ActiveCfg = Release|Any CPU
		{4D836DD6-89A4-4C7A-8B48-9202D0B43EC3}.Release|Any CPU.Build.0 = Release|Any CPU
		{A96FAB15-A345-455F-9298-87505808B81A}.Debug|Any CPU.ActiveCfg = Debug|Any CPU
		{A96FAB15-A345-455F-9298-87505808B81A}.Debug|Any CPU.Build.0 = Debug|Any CPU
		{A96FAB15-A345-455F-9298-87505808B81A}.Release|Any CPU.ActiveCfg = Release|Any CPU
		{A96FAB15-A345-455F-9298-87505808B81A}.Release|Any CPU.Build.0 = Release|Any CPU
		{0BBA0441-0AB7-4112-946B-521C9CEC7367}.Debug|Any CPU.ActiveCfg = Debug|Any CPU
		{0BBA0441-0AB7-4112-946B-521C9CEC7367}.Debug|Any CPU.Build.0 = Debug|Any CPU
		{0BBA0441-0AB7-4112-946B-521C9CEC7367}.Release|Any CPU.ActiveCfg = Release|Any CPU
		{0BBA0441-0AB7-4112-946B-521C9CEC7367}.Release|Any CPU.Build.0 = Release|Any CPU
		{6066EAAA-6025-49BC-A1F3-FC6447C42CD9}.Debug|Any CPU.ActiveCfg = Debug|Any CPU
		{6066EAAA-6025-49BC-A1F3-FC6447C42CD9}.Debug|Any CPU.Build.0 = Debug|Any CPU
		{6066EAAA-6025-49BC-A1F3-FC6447C42CD9}.Release|Any CPU.ActiveCfg = Release|Any CPU
		{6066EAAA-6025-49BC-A1F3-FC6447C42CD9}.Release|Any CPU.Build.0 = Release|Any CPU
	EndGlobalSection
	GlobalSection(SolutionProperties) = preSolution
		HideSolutionNode = FALSE
	EndGlobalSection
	GlobalSection(ExtensibilityGlobals) = postSolution
		SolutionGuid = {3D33B5F3-021F-4CB8-9473-C5ACC52915C8}
	EndGlobalSection
EndGlobal
